// !$*UTF8*$!
{
	archiveVersion = 1;
	classes = {
	};
	objectVersion = 56;
	objects = {

/* Begin PBXBuildFile section */
		BA27DE622CBD19C000574F5F /* CardView.swift in Sources */ = {isa = PBXBuildFile; fileRef = BA27DE612CBD19C000574F5F /* CardView.swift */; };
		BA70F9352CBFD3EA00B88888 /* HorizontalBanner.swift in Sources */ = {isa = PBXBuildFile; fileRef = BA70F9342CBFD3EA00B88888 /* HorizontalBanner.swift */; };
		BA93DB202CBA892A00EC7945 /* OMDBSwiftUIApp.swift in Sources */ = {isa = PBXBuildFile; fileRef = BA93DB1F2CBA892A00EC7945 /* OMDBSwiftUIApp.swift */; };
		BA93DB222CBA892A00EC7945 /* ContentView.swift in Sources */ = {isa = PBXBuildFile; fileRef = BA93DB212CBA892A00EC7945 /* ContentView.swift */; };
		BA93DB242CBA892A00EC7945 /* Item.swift in Sources */ = {isa = PBXBuildFile; fileRef = BA93DB232CBA892A00EC7945 /* Item.swift */; };
		BA93DB262CBA892C00EC7945 /* Assets.xcassets in Resources */ = {isa = PBXBuildFile; fileRef = BA93DB252CBA892C00EC7945 /* Assets.xcassets */; };
		BA93DB292CBA892C00EC7945 /* Preview Assets.xcassets in Resources */ = {isa = PBXBuildFile; fileRef = BA93DB282CBA892C00EC7945 /* Preview Assets.xcassets */; };
		BA93DB302CBA8C5300EC7945 /* HomeView.swift in Sources */ = {isa = PBXBuildFile; fileRef = BA93DB2F2CBA8C5300EC7945 /* HomeView.swift */; };
		BA93DB332CBBAB1400EC7945 /* NavigationBar.swift in Sources */ = {isa = PBXBuildFile; fileRef = BA93DB322CBBAB1400EC7945 /* NavigationBar.swift */; };
		BAB58FB42CC2156A00095392 /* AdView.swift in Sources */ = {isa = PBXBuildFile; fileRef = BAB58FB32CC2156A00095392 /* AdView.swift */; };
		BAB58FB62CC223B500095392 /* ColorExtension.swift in Sources */ = {isa = PBXBuildFile; fileRef = BAB58FB52CC223B500095392 /* ColorExtension.swift */; };
/* End PBXBuildFile section */

/* Begin PBXFileReference section */
		BA27DE612CBD19C000574F5F /* CardView.swift */ = {isa = PBXFileReference; lastKnownFileType = sourcecode.swift; path = CardView.swift; sourceTree = "<group>"; };
		BA70F9342CBFD3EA00B88888 /* HorizontalBanner.swift */ = {isa = PBXFileReference; lastKnownFileType = sourcecode.swift; path = HorizontalBanner.swift; sourceTree = "<group>"; };
		BA93DB1C2CBA892A00EC7945 /* OMDBSwiftUI.app */ = {isa = PBXFileReference; explicitFileType = wrapper.application; includeInIndex = 0; path = OMDBSwiftUI.app; sourceTree = BUILT_PRODUCTS_DIR; };
		BA93DB1F2CBA892A00EC7945 /* OMDBSwiftUIApp.swift */ = {isa = PBXFileReference; lastKnownFileType = sourcecode.swift; path = OMDBSwiftUIApp.swift; sourceTree = "<group>"; };
		BA93DB212CBA892A00EC7945 /* ContentView.swift */ = {isa = PBXFileReference; lastKnownFileType = sourcecode.swift; path = ContentView.swift; sourceTree = "<group>"; };
		BA93DB232CBA892A00EC7945 /* Item.swift */ = {isa = PBXFileReference; lastKnownFileType = sourcecode.swift; path = Item.swift; sourceTree = "<group>"; };
		BA93DB252CBA892C00EC7945 /* Assets.xcassets */ = {isa = PBXFileReference; lastKnownFileType = folder.assetcatalog; path = Assets.xcassets; sourceTree = "<group>"; };
		BA93DB282CBA892C00EC7945 /* Preview Assets.xcassets */ = {isa = PBXFileReference; lastKnownFileType = folder.assetcatalog; path = "Preview Assets.xcassets"; sourceTree = "<group>"; };
		BA93DB2F2CBA8C5300EC7945 /* HomeView.swift */ = {isa = PBXFileReference; lastKnownFileType = sourcecode.swift; path = HomeView.swift; sourceTree = "<group>"; };
		BA93DB322CBBAB1400EC7945 /* NavigationBar.swift */ = {isa = PBXFileReference; lastKnownFileType = sourcecode.swift; path = NavigationBar.swift; sourceTree = "<group>"; };
		BAB58FB32CC2156A00095392 /* AdView.swift */ = {isa = PBXFileReference; lastKnownFileType = sourcecode.swift; path = AdView.swift; sourceTree = "<group>"; };
		BAB58FB52CC223B500095392 /* ColorExtension.swift */ = {isa = PBXFileReference; lastKnownFileType = sourcecode.swift; path = ColorExtension.swift; sourceTree = "<group>"; };
/* End PBXFileReference section */

/* Begin PBXFrameworksBuildPhase section */
		BA93DB192CBA892A00EC7945 /* Frameworks */ = {
			isa = PBXFrameworksBuildPhase;
			buildActionMask = 2147483647;
			files = (
			);
			runOnlyForDeploymentPostprocessing = 0;
		};
/* End PBXFrameworksBuildPhase section */

/* Begin PBXGroup section */
		BA93DB132CBA892A00EC7945 = {
			isa = PBXGroup;
			children = (
				BA93DB1E2CBA892A00EC7945 /* OMDBSwiftUI */,
				BA93DB1D2CBA892A00EC7945 /* Products */,
			);
			sourceTree = "<group>";
		};
		BA93DB1D2CBA892A00EC7945 /* Products */ = {
			isa = PBXGroup;
			children = (
				BA93DB1C2CBA892A00EC7945 /* OMDBSwiftUI.app */,
			);
			name = Products;
			sourceTree = "<group>";
		};
		BA93DB1E2CBA892A00EC7945 /* OMDBSwiftUI */ = {
			isa = PBXGroup;
			children = (
				BAB58FB52CC223B500095392 /* ColorExtension.swift */,
				BA93DB312CBBAB0000EC7945 /* CustomViews */,
				BA93DB1F2CBA892A00EC7945 /* OMDBSwiftUIApp.swift */,
				BA93DB2F2CBA8C5300EC7945 /* HomeView.swift */,
				BA93DB212CBA892A00EC7945 /* ContentView.swift */,
				BA93DB232CBA892A00EC7945 /* Item.swift */,
				BA93DB252CBA892C00EC7945 /* Assets.xcassets */,
				BA93DB272CBA892C00EC7945 /* Preview Content */,
			);
			path = OMDBSwiftUI;
			sourceTree = "<group>";
		};
		BA93DB272CBA892C00EC7945 /* Preview Content */ = {
			isa = PBXGroup;
			children = (
				BA93DB282CBA892C00EC7945 /* Preview Assets.xcassets */,
			);
			path = "Preview Content";
			sourceTree = "<group>";
		};
		BA93DB312CBBAB0000EC7945 /* CustomViews */ = {
			isa = PBXGroup;
			children = (
				BA27DE612CBD19C000574F5F /* CardView.swift */,
				BA93DB322CBBAB1400EC7945 /* NavigationBar.swift */,
				BA70F9342CBFD3EA00B88888 /* HorizontalBanner.swift */,
				BAB58FB32CC2156A00095392 /* AdView.swift */,
			);
			path = CustomViews;
			sourceTree = "<group>";
		};
/* End PBXGroup section */

/* Begin PBXNativeTarget section */
		BA93DB1B2CBA892A00EC7945 /* OMDBSwiftUI */ = {
			isa = PBXNativeTarget;
			buildConfigurationList = BA93DB2C2CBA892C00EC7945 /* Build configuration list for PBXNativeTarget "OMDBSwiftUI" */;
			buildPhases = (
				BA93DB182CBA892A00EC7945 /* Sources */,
				BA93DB192CBA892A00EC7945 /* Frameworks */,
				BA93DB1A2CBA892A00EC7945 /* Resources */,
			);
			buildRules = (
			);
			dependencies = (
			);
			name = OMDBSwiftUI;
			productName = OMDBSwiftUI;
			productReference = BA93DB1C2CBA892A00EC7945 /* OMDBSwiftUI.app */;
			productType = "com.apple.product-type.application";
		};
/* End PBXNativeTarget section */

/* Begin PBXProject section */
		BA93DB142CBA892A00EC7945 /* Project object */ = {
			isa = PBXProject;
			attributes = {
				BuildIndependentTargetsInParallel = 1;
				LastSwiftUpdateCheck = 1520;
				LastUpgradeCheck = 1520;
				TargetAttributes = {
					BA93DB1B2CBA892A00EC7945 = {
						CreatedOnToolsVersion = 15.2;
						LastSwiftMigration = 1600;
					};
				};
			};
			buildConfigurationList = BA93DB172CBA892A00EC7945 /* Build configuration list for PBXProject "OMDBSwiftUI" */;
			compatibilityVersion = "Xcode 14.0";
			developmentRegion = en;
			hasScannedForEncodings = 0;
			knownRegions = (
				en,
				Base,
			);
			mainGroup = BA93DB132CBA892A00EC7945;
			productRefGroup = BA93DB1D2CBA892A00EC7945 /* Products */;
			projectDirPath = "";
			projectRoot = "";
			targets = (
				BA93DB1B2CBA892A00EC7945 /* OMDBSwiftUI */,
			);
		};
/* End PBXProject section */

/* Begin PBXResourcesBuildPhase section */
		BA93DB1A2CBA892A00EC7945 /* Resources */ = {
			isa = PBXResourcesBuildPhase;
			buildActionMask = 2147483647;
			files = (
				BA93DB292CBA892C00EC7945 /* Preview Assets.xcassets in Resources */,
				BA93DB262CBA892C00EC7945 /* Assets.xcassets in Resources */,
			);
			runOnlyForDeploymentPostprocessing = 0;
		};
/* End PBXResourcesBuildPhase section */

/* Begin PBXSourcesBuildPhase section */
		BA93DB182CBA892A00EC7945 /* Sources */ = {
			isa = PBXSourcesBuildPhase;
			buildActionMask = 2147483647;
			files = (
				BA93DB332CBBAB1400EC7945 /* NavigationBar.swift in Sources */,
				BA70F9352CBFD3EA00B88888 /* HorizontalBanner.swift in Sources */,
				BA93DB222CBA892A00EC7945 /* ContentView.swift in Sources */,
				BA93DB302CBA8C5300EC7945 /* HomeView.swift in Sources */,
				BA93DB242CBA892A00EC7945 /* Item.swift in Sources */,
				BA27DE622CBD19C000574F5F /* CardView.swift in Sources */,
				BA93DB202CBA892A00EC7945 /* OMDBSwiftUIApp.swift in Sources */,
				BAB58FB62CC223B500095392 /* ColorExtension.swift in Sources */,
				BAB58FB42CC2156A00095392 /* AdView.swift in Sources */,
			);
			runOnlyForDeploymentPostprocessing = 0;
		};
/* End PBXSourcesBuildPhase section */

/* Begin XCBuildConfiguration section */
		BA93DB2A2CBA892C00EC7945 /* Debug */ = {
			isa = XCBuildConfiguration;
			buildSettings = {
				ALWAYS_SEARCH_USER_PATHS = NO;
				ASSETCATALOG_COMPILER_GENERATE_SWIFT_ASSET_SYMBOL_EXTENSIONS = YES;
				CLANG_ANALYZER_NONNULL = YES;
				CLANG_ANALYZER_NUMBER_OBJECT_CONVERSION = YES_AGGRESSIVE;
				CLANG_CXX_LANGUAGE_STANDARD = "gnu++20";
				CLANG_ENABLE_MODULES = YES;
				CLANG_ENABLE_OBJC_ARC = YES;
				CLANG_ENABLE_OBJC_WEAK = YES;
				CLANG_WARN_BLOCK_CAPTURE_AUTORELEASING = YES;
				CLANG_WARN_BOOL_CONVERSION = YES;
				CLANG_WARN_COMMA = YES;
				CLANG_WARN_CONSTANT_CONVERSION = YES;
				CLANG_WARN_DEPRECATED_OBJC_IMPLEMENTATIONS = YES;
				CLANG_WARN_DIRECT_OBJC_ISA_USAGE = YES_ERROR;
				CLANG_WARN_DOCUMENTATION_COMMENTS = YES;
				CLANG_WARN_EMPTY_BODY = YES;
				CLANG_WARN_ENUM_CONVERSION = YES;
				CLANG_WARN_INFINITE_RECURSION = YES;
				CLANG_WARN_INT_CONVERSION = YES;
				CLANG_WARN_NON_LITERAL_NULL_CONVERSION = YES;
				CLANG_WARN_OBJC_IMPLICIT_RETAIN_SELF = YES;
				CLANG_WARN_OBJC_LITERAL_CONVERSION = YES;
				CLANG_WARN_OBJC_ROOT_CLASS = YES_ERROR;
				CLANG_WARN_QUOTED_INCLUDE_IN_FRAMEWORK_HEADER = YES;
				CLANG_WARN_RANGE_LOOP_ANALYSIS = YES;
				CLANG_WARN_STRICT_PROTOTYPES = YES;
				CLANG_WARN_SUSPICIOUS_MOVE = YES;
				CLANG_WARN_UNGUARDED_AVAILABILITY = YES_AGGRESSIVE;
				CLANG_WARN_UNREACHABLE_CODE = YES;
				CLANG_WARN__DUPLICATE_METHOD_MATCH = YES;
				COPY_PHASE_STRIP = NO;
				DEBUG_INFORMATION_FORMAT = dwarf;
				ENABLE_STRICT_OBJC_MSGSEND = YES;
				ENABLE_TESTABILITY = YES;
				ENABLE_USER_SCRIPT_SANDBOXING = YES;
				GCC_C_LANGUAGE_STANDARD = gnu17;
				GCC_DYNAMIC_NO_PIC = NO;
				GCC_NO_COMMON_BLOCKS = YES;
				GCC_OPTIMIZATION_LEVEL = 0;
				GCC_PREPROCESSOR_DEFINITIONS = (
					"DEBUG=1",
					"$(inherited)",
				);
				GCC_WARN_64_TO_32_BIT_CONVERSION = YES;
				GCC_WARN_ABOUT_RETURN_TYPE = YES_ERROR;
				GCC_WARN_UNDECLARED_SELECTOR = YES;
				GCC_WARN_UNINITIALIZED_AUTOS = YES_AGGRESSIVE;
				GCC_WARN_UNUSED_FUNCTION = YES;
				GCC_WARN_UNUSED_VARIABLE = YES;
				IPHONEOS_DEPLOYMENT_TARGET = 17.2;
				LOCALIZATION_PREFERS_STRING_CATALOGS = YES;
				MTL_ENABLE_DEBUG_INFO = INCLUDE_SOURCE;
				MTL_FAST_MATH = YES;
				ONLY_ACTIVE_ARCH = YES;
				SDKROOT = iphoneos;
				SWIFT_ACTIVE_COMPILATION_CONDITIONS = "DEBUG $(inherited)";
				SWIFT_OPTIMIZATION_LEVEL = "-Onone";
			};
			name = Debug;
		};
		BA93DB2B2CBA892C00EC7945 /* Release */ = {
			isa = XCBuildConfiguration;
			buildSettings = {
				ALWAYS_SEARCH_USER_PATHS = NO;
				ASSETCATALOG_COMPILER_GENERATE_SWIFT_ASSET_SYMBOL_EXTENSIONS = YES;
				CLANG_ANALYZER_NONNULL = YES;
				CLANG_ANALYZER_NUMBER_OBJECT_CONVERSION = YES_AGGRESSIVE;
				CLANG_CXX_LANGUAGE_STANDARD = "gnu++20";
				CLANG_ENABLE_MODULES = YES;
				CLANG_ENABLE_OBJC_ARC = YES;
				CLANG_ENABLE_OBJC_WEAK = YES;
				CLANG_WARN_BLOCK_CAPTURE_AUTORELEASING = YES;
				CLANG_WARN_BOOL_CONVERSION = YES;
				CLANG_WARN_COMMA = YES;
				CLANG_WARN_CONSTANT_CONVERSION = YES;
				CLANG_WARN_DEPRECATED_OBJC_IMPLEMENTATIONS = YES;
				CLANG_WARN_DIRECT_OBJC_ISA_USAGE = YES_ERROR;
				CLANG_WARN_DOCUMENTATION_COMMENTS = YES;
				CLANG_WARN_EMPTY_BODY = YES;
				CLANG_WARN_ENUM_CONVERSION = YES;
				CLANG_WARN_INFINITE_RECURSION = YES;
				CLANG_WARN_INT_CONVERSION = YES;
				CLANG_WARN_NON_LITERAL_NULL_CONVERSION = YES;
				CLANG_WARN_OBJC_IMPLICIT_RETAIN_SELF = YES;
				CLANG_WARN_OBJC_LITERAL_CONVERSION = YES;
				CLANG_WARN_OBJC_ROOT_CLASS = YES_ERROR;
				CLANG_WARN_QUOTED_INCLUDE_IN_FRAMEWORK_HEADER = YES;
				CLANG_WARN_RANGE_LOOP_ANALYSIS = YES;
				CLANG_WARN_STRICT_PROTOTYPES = YES;
				CLANG_WARN_SUSPICIOUS_MOVE = YES;
				CLANG_WARN_UNGUARDED_AVAILABILITY = YES_AGGRESSIVE;
				CLANG_WARN_UNREACHABLE_CODE = YES;
				CLANG_WARN__DUPLICATE_METHOD_MATCH = YES;
				COPY_PHASE_STRIP = NO;
				DEBUG_INFORMATION_FORMAT = "dwarf-with-dsym";
				ENABLE_NS_ASSERTIONS = NO;
				ENABLE_STRICT_OBJC_MSGSEND = YES;
				ENABLE_USER_SCRIPT_SANDBOXING = YES;
				GCC_C_LANGUAGE_STANDARD = gnu17;
				GCC_NO_COMMON_BLOCKS = YES;
				GCC_WARN_64_TO_32_BIT_CONVERSION = YES;
				GCC_WARN_ABOUT_RETURN_TYPE = YES_ERROR;
				GCC_WARN_UNDECLARED_SELECTOR = YES;
				GCC_WARN_UNINITIALIZED_AUTOS = YES_AGGRESSIVE;
				GCC_WARN_UNUSED_FUNCTION = YES;
				GCC_WARN_UNUSED_VARIABLE = YES;
				IPHONEOS_DEPLOYMENT_TARGET = 17.2;
				LOCALIZATION_PREFERS_STRING_CATALOGS = YES;
				MTL_ENABLE_DEBUG_INFO = NO;
				MTL_FAST_MATH = YES;
				SDKROOT = iphoneos;
				SWIFT_COMPILATION_MODE = wholemodule;
				VALIDATE_PRODUCT = YES;
			};
			name = Release;
		};
		BA93DB2D2CBA892C00EC7945 /* Debug */ = {
			isa = XCBuildConfiguration;
			buildSettings = {
				ASSETCATALOG_COMPILER_APPICON_NAME = AppIcon;
				ASSETCATALOG_COMPILER_GLOBAL_ACCENT_COLOR_NAME = AccentColor;
				CLANG_ENABLE_MODULES = YES;
				CODE_SIGN_STYLE = Automatic;
				CURRENT_PROJECT_VERSION = 1;
				DEVELOPMENT_ASSET_PATHS = "\"OMDBSwiftUI/Preview Content\"";
				ENABLE_PREVIEWS = YES;
				GENERATE_INFOPLIST_FILE = YES;
				INFOPLIST_KEY_UIApplicationSceneManifest_Generation = YES;
				INFOPLIST_KEY_UIApplicationSupportsIndirectInputEvents = YES;
				INFOPLIST_KEY_UILaunchScreen_Generation = YES;
				INFOPLIST_KEY_UISupportedInterfaceOrientations_iPad = "UIInterfaceOrientationPortrait UIInterfaceOrientationPortraitUpsideDown UIInterfaceOrientationLandscapeLeft UIInterfaceOrientationLandscapeRight";
				INFOPLIST_KEY_UISupportedInterfaceOrientations_iPhone = "UIInterfaceOrientationPortrait UIInterfaceOrientationLandscapeLeft UIInterfaceOrientationLandscapeRight";
				IPHONEOS_DEPLOYMENT_TARGET = 17.6;
				LD_RUNPATH_SEARCH_PATHS = (
					"$(inherited)",
					"@executable_path/Frameworks",
				);
				MARKETING_VERSION = 1.0;
				PRODUCT_BUNDLE_IDENTIFIER = com.akshay.OMDBSwiftUI;
				PRODUCT_NAME = "$(TARGET_NAME)";
				REGISTER_APP_GROUPS = NO;
				SUPPORTED_PLATFORMS = "iphoneos iphonesimulator macosx";
				SUPPORTS_MACCATALYST = NO;
				SUPPORTS_MAC_DESIGNED_FOR_IPHONE_IPAD = NO;
				SWIFT_EMIT_LOC_STRINGS = YES;
				SWIFT_OBJC_BRIDGING_HEADER = "";
				SWIFT_OPTIMIZATION_LEVEL = "-Onone";
				SWIFT_UPCOMING_FEATURE_GLOBAL_CONCURRENCY = YES;
				SWIFT_VERSION = 5.0;
				TARGETED_DEVICE_FAMILY = "1,2";
			};
			name = Debug;
		};
		BA93DB2E2CBA892C00EC7945 /* Release */ = {
			isa = XCBuildConfiguration;
			buildSettings = {
				ASSETCATALOG_COMPILER_APPICON_NAME = AppIcon;
				ASSETCATALOG_COMPILER_GLOBAL_ACCENT_COLOR_NAME = AccentColor;
				CLANG_ENABLE_MODULES = YES;
				CODE_SIGN_STYLE = Automatic;
				CURRENT_PROJECT_VERSION = 1;
				DEVELOPMENT_ASSET_PATHS = "\"OMDBSwiftUI/Preview Content\"";
				ENABLE_PREVIEWS = YES;
				GENERATE_INFOPLIST_FILE = YES;
				INFOPLIST_KEY_UIApplicationSceneManifest_Generation = YES;
				INFOPLIST_KEY_UIApplicationSupportsIndirectInputEvents = YES;
				INFOPLIST_KEY_UILaunchScreen_Generation = YES;
				INFOPLIST_KEY_UISupportedInterfaceOrientations_iPad = "UIInterfaceOrientationPortrait UIInterfaceOrientationPortraitUpsideDown UIInterfaceOrientationLandscapeLeft UIInterfaceOrientationLandscapeRight";
				INFOPLIST_KEY_UISupportedInterfaceOrientations_iPhone = "UIInterfaceOrientationPortrait UIInterfaceOrientationLandscapeLeft UIInterfaceOrientationLandscapeRight";
				IPHONEOS_DEPLOYMENT_TARGET = 17.6;
				LD_RUNPATH_SEARCH_PATHS = (
					"$(inherited)",
					"@executable_path/Frameworks",
				);
				MARKETING_VERSION = 1.0;
				PRODUCT_BUNDLE_IDENTIFIER = com.akshay.OMDBSwiftUI;
				PRODUCT_NAME = "$(TARGET_NAME)";
				REGISTER_APP_GROUPS = NO;
				SUPPORTED_PLATFORMS = "iphoneos iphonesimulator macosx";
				SUPPORTS_MACCATALYST = NO;
				SUPPORTS_MAC_DESIGNED_FOR_IPHONE_IPAD = NO;
				SWIFT_EMIT_LOC_STRINGS = YES;
				SWIFT_OBJC_BRIDGING_HEADER = "";
				SWIFT_UPCOMING_FEATURE_GLOBAL_CONCURRENCY = YES;
				SWIFT_VERSION = 5.0;
				TARGETED_DEVICE_FAMILY = "1,2";
			};
			name = Release;
		};
/* End XCBuildConfiguration section */

/* Begin XCConfigurationList section */
		BA93DB172CBA892A00EC7945 /* Build configuration list for PBXProject "OMDBSwiftUI" */ = {
			isa = XCConfigurationList;
			buildConfigurations = (
				BA93DB2A2CBA892C00EC7945 /* Debug */,
				BA93DB2B2CBA892C00EC7945 /* Release */,
			);
			defaultConfigurationIsVisible = 0;
			defaultConfigurationName = Release;
		};
		BA93DB2C2CBA892C00EC7945 /* Build configuration list for PBXNativeTarget "OMDBSwiftUI" */ = {
			isa = XCConfigurationList;
			buildConfigurations = (
				BA93DB2D2CBA892C00EC7945 /* Debug */,
				BA93DB2E2CBA892C00EC7945 /* Release */,
			);
			defaultConfigurationIsVisible = 0;
			defaultConfigurationName = Release;
		};
/* End XCConfigurationList section */
	};
	rootObject = BA93DB142CBA892A00EC7945 /* Project object */;
}
